// !$*UTF8*$!
{
	archiveVersion = 1;
	classes = {
	};
	objectVersion = 56;
	objects = {

/* Begin PBXBuildFile section */
		374F811A2C0DFE720017C233 /* Swift_PracticesApp.swift in Sources */ = {isa = PBXBuildFile; fileRef = 374F81192C0DFE720017C233 /* Swift_PracticesApp.swift */; };
		374F811C2C0DFE720017C233 /* ContentView.swift in Sources */ = {isa = PBXBuildFile; fileRef = 374F811B2C0DFE720017C233 /* ContentView.swift */; };
		374F811E2C0DFE730017C233 /* Assets.xcassets in Resources */ = {isa = PBXBuildFile; fileRef = 374F811D2C0DFE730017C233 /* Assets.xcassets */; };
		374F81222C0DFE730017C233 /* Preview Assets.xcassets in Resources */ = {isa = PBXBuildFile; fileRef = 374F81212C0DFE730017C233 /* Preview Assets.xcassets */; };
		374F812C2C0DFE730017C233 /* Swift_PracticesTests.swift in Sources */ = {isa = PBXBuildFile; fileRef = 374F812B2C0DFE730017C233 /* Swift_PracticesTests.swift */; };
		374F81362C0DFE730017C233 /* Swift_PracticesUITests.swift in Sources */ = {isa = PBXBuildFile; fileRef = 374F81352C0DFE730017C233 /* Swift_PracticesUITests.swift */; };
		374F81382C0DFE730017C233 /* Swift_PracticesUITestsLaunchTests.swift in Sources */ = {isa = PBXBuildFile; fileRef = 374F81372C0DFE730017C233 /* Swift_PracticesUITestsLaunchTests.swift */; };
		37DE94C62C0FD3840087A788 /* ErrorHandling.swift in Sources */ = {isa = PBXBuildFile; fileRef = 37DE94C52C0FD3840087A788 /* ErrorHandling.swift */; };
/* End PBXBuildFile section */

/* Begin PBXContainerItemProxy section */
		374F81282C0DFE730017C233 /* PBXContainerItemProxy */ = {
			isa = PBXContainerItemProxy;
			containerPortal = 374F810E2C0DFE720017C233 /* Project object */;
			proxyType = 1;
			remoteGlobalIDString = 374F81152C0DFE720017C233;
			remoteInfo = "Swift Practices";
		};
		374F81322C0DFE730017C233 /* PBXContainerItemProxy */ = {
			isa = PBXContainerItemProxy;
			containerPortal = 374F810E2C0DFE720017C233 /* Project object */;
			proxyType = 1;
			remoteGlobalIDString = 374F81152C0DFE720017C233;
			remoteInfo = "Swift Practices";
		};
/* End PBXContainerItemProxy section */

/* Begin PBXFileReference section */
		3726B2132C12914A00B7741C /* 3_Challenge.playground */ = {isa = PBXFileReference; lastKnownFileType = file.playground; path = 3_Challenge.playground; sourceTree = "<group>"; xcLanguageSpecificationIdentifier = xcode.lang.swift; };
		374F81162C0DFE720017C233 /* Swift Practices.app */ = {isa = PBXFileReference; explicitFileType = wrapper.application; includeInIndex = 0; path = "Swift Practices.app"; sourceTree = BUILT_PRODUCTS_DIR; };
		374F81192C0DFE720017C233 /* Swift_PracticesApp.swift */ = {isa = PBXFileReference; lastKnownFileType = sourcecode.swift; path = Swift_PracticesApp.swift; sourceTree = "<group>"; };
		374F811B2C0DFE720017C233 /* ContentView.swift */ = {isa = PBXFileReference; lastKnownFileType = sourcecode.swift; path = ContentView.swift; sourceTree = "<group>"; };
		374F811D2C0DFE730017C233 /* Assets.xcassets */ = {isa = PBXFileReference; lastKnownFileType = folder.assetcatalog; path = Assets.xcassets; sourceTree = "<group>"; };
		374F811F2C0DFE730017C233 /* Swift_Practices.entitlements */ = {isa = PBXFileReference; lastKnownFileType = text.plist.entitlements; path = Swift_Practices.entitlements; sourceTree = "<group>"; };
		374F81212C0DFE730017C233 /* Preview Assets.xcassets */ = {isa = PBXFileReference; lastKnownFileType = folder.assetcatalog; path = "Preview Assets.xcassets"; sourceTree = "<group>"; };
		374F81272C0DFE730017C233 /* Swift PracticesTests.xctest */ = {isa = PBXFileReference; explicitFileType = wrapper.cfbundle; includeInIndex = 0; path = "Swift PracticesTests.xctest"; sourceTree = BUILT_PRODUCTS_DIR; };
		374F812B2C0DFE730017C233 /* Swift_PracticesTests.swift */ = {isa = PBXFileReference; lastKnownFileType = sourcecode.swift; path = Swift_PracticesTests.swift; sourceTree = "<group>"; };
		374F81312C0DFE730017C233 /* Swift PracticesUITests.xctest */ = {isa = PBXFileReference; explicitFileType = wrapper.cfbundle; includeInIndex = 0; path = "Swift PracticesUITests.xctest"; sourceTree = BUILT_PRODUCTS_DIR; };
		374F81352C0DFE730017C233 /* Swift_PracticesUITests.swift */ = {isa = PBXFileReference; lastKnownFileType = sourcecode.swift; path = Swift_PracticesUITests.swift; sourceTree = "<group>"; };
		374F81372C0DFE730017C233 /* Swift_PracticesUITestsLaunchTests.swift */ = {isa = PBXFileReference; lastKnownFileType = sourcecode.swift; path = Swift_PracticesUITestsLaunchTests.swift; sourceTree = "<group>"; };
		376F2D792C0FEC4A00DEC4F0 /* 1_Challenge.playground */ = {isa = PBXFileReference; lastKnownFileType = file.playground; path = 1_Challenge.playground; sourceTree = "<group>"; xcLanguageSpecificationIdentifier = xcode.lang.swift; };
		376F2D7C2C0FF49600DEC4F0 /* 0_Challenge.playground */ = {isa = PBXFileReference; lastKnownFileType = file.playground; path = 0_Challenge.playground; sourceTree = "<group>"; xcLanguageSpecificationIdentifier = xcode.lang.swift; };
		376F2D7D2C0FF59C00DEC4F0 /* 2_Challenge.playground */ = {isa = PBXFileReference; lastKnownFileType = file.playground; path = 2_Challenge.playground; sourceTree = "<group>"; xcLanguageSpecificationIdentifier = xcode.lang.swift; };
		37D2EDC92C18AA0D0082D805 /* Test.playground */ = {isa = PBXFileReference; lastKnownFileType = file.playground; path = Test.playground; sourceTree = "<group>"; xcLanguageSpecificationIdentifier = xcode.lang.swift; };
		37DE94C52C0FD3840087A788 /* ErrorHandling.swift */ = {isa = PBXFileReference; lastKnownFileType = sourcecode.swift; path = ErrorHandling.swift; sourceTree = "<group>"; };
/* End PBXFileReference section */

/* Begin PBXFrameworksBuildPhase section */
		374F81132C0DFE720017C233 /* Frameworks */ = {
			isa = PBXFrameworksBuildPhase;
			buildActionMask = 2147483647;
			files = (
			);
			runOnlyForDeploymentPostprocessing = 0;
		};
		374F81242C0DFE730017C233 /* Frameworks */ = {
			isa = PBXFrameworksBuildPhase;
			buildActionMask = 2147483647;
			files = (
			);
			runOnlyForDeploymentPostprocessing = 0;
		};
		374F812E2C0DFE730017C233 /* Frameworks */ = {
			isa = PBXFrameworksBuildPhase;
			buildActionMask = 2147483647;
			files = (
			);
			runOnlyForDeploymentPostprocessing = 0;
		};
/* End PBXFrameworksBuildPhase section */

/* Begin PBXGroup section */
		374F810D2C0DFE720017C233 = {
			isa = PBXGroup;
			children = (
				374F81182C0DFE720017C233 /* Swift Practices */,
				374F812A2C0DFE730017C233 /* Swift PracticesTests */,
				374F81342C0DFE730017C233 /* Swift PracticesUITests */,
				374F81172C0DFE720017C233 /* Products */,
			);
			sourceTree = "<group>";
		};
		374F81172C0DFE720017C233 /* Products */ = {
			isa = PBXGroup;
			children = (
				374F81162C0DFE720017C233 /* Swift Practices.app */,
				374F81272C0DFE730017C233 /* Swift PracticesTests.xctest */,
				374F81312C0DFE730017C233 /* Swift PracticesUITests.xctest */,
			);
			name = Products;
			sourceTree = "<group>";
		};
		374F81182C0DFE720017C233 /* Swift Practices */ = {
			isa = PBXGroup;
			children = (
				376F2D762C0FEB0C00DEC4F0 /* Swift Challenge */,
				374F81192C0DFE720017C233 /* Swift_PracticesApp.swift */,
				374F811B2C0DFE720017C233 /* ContentView.swift */,
				374F811D2C0DFE730017C233 /* Assets.xcassets */,
				374F811F2C0DFE730017C233 /* Swift_Practices.entitlements */,
				37DE94C52C0FD3840087A788 /* ErrorHandling.swift */,
				374F81202C0DFE730017C233 /* Preview Content */,
			);
			path = "Swift Practices";
			sourceTree = "<group>";
		};
		374F81202C0DFE730017C233 /* Preview Content */ = {
			isa = PBXGroup;
			children = (
				374F81212C0DFE730017C233 /* Preview Assets.xcassets */,
			);
			path = "Preview Content";
			sourceTree = "<group>";
		};
		374F812A2C0DFE730017C233 /* Swift PracticesTests */ = {
			isa = PBXGroup;
			children = (
				374F812B2C0DFE730017C233 /* Swift_PracticesTests.swift */,
			);
			path = "Swift PracticesTests";
			sourceTree = "<group>";
		};
		374F81342C0DFE730017C233 /* Swift PracticesUITests */ = {
			isa = PBXGroup;
			children = (
				374F81352C0DFE730017C233 /* Swift_PracticesUITests.swift */,
				374F81372C0DFE730017C233 /* Swift_PracticesUITestsLaunchTests.swift */,
			);
			path = "Swift PracticesUITests";
			sourceTree = "<group>";
		};
		376F2D762C0FEB0C00DEC4F0 /* Swift Challenge */ = {
			isa = PBXGroup;
			children = (
				376F2D7C2C0FF49600DEC4F0 /* 0_Challenge.playground */,
				376F2D792C0FEC4A00DEC4F0 /* 1_Challenge.playground */,
				376F2D7D2C0FF59C00DEC4F0 /* 2_Challenge.playground */,
				3726B2132C12914A00B7741C /* 3_Challenge.playground */,
				37D2EDC92C18AA0D0082D805 /* Test.playground */,
			);
			path = "Swift Challenge";
			sourceTree = "<group>";
		};
/* End PBXGroup section */

/* Begin PBXNativeTarget section */
		374F81152C0DFE720017C233 /* Swift Practices */ = {
			isa = PBXNativeTarget;
			buildConfigurationList = 374F813B2C0DFE730017C233 /* Build configuration list for PBXNativeTarget "Swift Practices" */;
			buildPhases = (
				374F81122C0DFE720017C233 /* Sources */,
				374F81132C0DFE720017C233 /* Frameworks */,
				374F81142C0DFE720017C233 /* Resources */,
			);
			buildRules = (
			);
			dependencies = (
			);
			name = "Swift Practices";
			productName = "Swift Practices";
			productReference = 374F81162C0DFE720017C233 /* Swift Practices.app */;
			productType = "com.apple.product-type.application";
		};
		374F81262C0DFE730017C233 /* Swift PracticesTests */ = {
			isa = PBXNativeTarget;
			buildConfigurationList = 374F813E2C0DFE730017C233 /* Build configuration list for PBXNativeTarget "Swift PracticesTests" */;
			buildPhases = (
				374F81232C0DFE730017C233 /* Sources */,
				374F81242C0DFE730017C233 /* Frameworks */,
				374F81252C0DFE730017C233 /* Resources */,
			);
			buildRules = (
			);
			dependencies = (
				374F81292C0DFE730017C233 /* PBXTargetDependency */,
			);
			name = "Swift PracticesTests";
			productName = "Swift PracticesTests";
			productReference = 374F81272C0DFE730017C233 /* Swift PracticesTests.xctest */;
			productType = "com.apple.product-type.bundle.unit-test";
		};
		374F81302C0DFE730017C233 /* Swift PracticesUITests */ = {
			isa = PBXNativeTarget;
			buildConfigurationList = 374F81412C0DFE730017C233 /* Build configuration list for PBXNativeTarget "Swift PracticesUITests" */;
			buildPhases = (
				374F812D2C0DFE730017C233 /* Sources */,
				374F812E2C0DFE730017C233 /* Frameworks */,
				374F812F2C0DFE730017C233 /* Resources */,
			);
			buildRules = (
			);
			dependencies = (
				374F81332C0DFE730017C233 /* PBXTargetDependency */,
			);
			name = "Swift PracticesUITests";
			productName = "Swift PracticesUITests";
			productReference = 374F81312C0DFE730017C233 /* Swift PracticesUITests.xctest */;
			productType = "com.apple.product-type.bundle.ui-testing";
		};
/* End PBXNativeTarget section */

/* Begin PBXProject section */
		374F810E2C0DFE720017C233 /* Project object */ = {
			isa = PBXProject;
			attributes = {
				BuildIndependentTargetsInParallel = 1;
				LastSwiftUpdateCheck = 1540;
				LastUpgradeCheck = 1540;
				TargetAttributes = {
					374F81152C0DFE720017C233 = {
						CreatedOnToolsVersion = 15.4;
					};
					374F81262C0DFE730017C233 = {
						CreatedOnToolsVersion = 15.4;
						TestTargetID = 374F81152C0DFE720017C233;
					};
					374F81302C0DFE730017C233 = {
						CreatedOnToolsVersion = 15.4;
						TestTargetID = 374F81152C0DFE720017C233;
					};
				};
			};
			buildConfigurationList = 374F81112C0DFE720017C233 /* Build configuration list for PBXProject "Swift Practices" */;
			compatibilityVersion = "Xcode 14.0";
			developmentRegion = en;
			hasScannedForEncodings = 0;
			knownRegions = (
				en,
				Base,
			);
			mainGroup = 374F810D2C0DFE720017C233;
			productRefGroup = 374F81172C0DFE720017C233 /* Products */;
			projectDirPath = "";
			projectRoot = "";
			targets = (
				374F81152C0DFE720017C233 /* Swift Practices */,
				374F81262C0DFE730017C233 /* Swift PracticesTests */,
				374F81302C0DFE730017C233 /* Swift PracticesUITests */,
			);
		};
/* End PBXProject section */

/* Begin PBXResourcesBuildPhase section */
		374F81142C0DFE720017C233 /* Resources */ = {
			isa = PBXResourcesBuildPhase;
			buildActionMask = 2147483647;
			files = (
				374F81222C0DFE730017C233 /* Preview Assets.xcassets in Resources */,
				374F811E2C0DFE730017C233 /* Assets.xcassets in Resources */,
			);
			runOnlyForDeploymentPostprocessing = 0;
		};
		374F81252C0DFE730017C233 /* Resources */ = {
			isa = PBXResourcesBuildPhase;
			buildActionMask = 2147483647;
			files = (
			);
			runOnlyForDeploymentPostprocessing = 0;
		};
		374F812F2C0DFE730017C233 /* Resources */ = {
			isa = PBXResourcesBuildPhase;
			buildActionMask = 2147483647;
			files = (
			);
			runOnlyForDeploymentPostprocessing = 0;
		};
/* End PBXResourcesBuildPhase section */

/* Begin PBXSourcesBuildPhase section */
		374F81122C0DFE720017C233 /* Sources */ = {
			isa = PBXSourcesBuildPhase;
			buildActionMask = 2147483647;
			files = (
				37DE94C62C0FD3840087A788 /* ErrorHandling.swift in Sources */,
				374F811C2C0DFE720017C233 /* ContentView.swift in Sources */,
				374F811A2C0DFE720017C233 /* Swift_PracticesApp.swift in Sources */,
			);
			runOnlyForDeploymentPostprocessing = 0;
		};
		374F81232C0DFE730017C233 /* Sources */ = {
			isa = PBXSourcesBuildPhase;
			buildActionMask = 2147483647;
			files = (
				374F812C2C0DFE730017C233 /* Swift_PracticesTests.swift in Sources */,
			);
			runOnlyForDeploymentPostprocessing = 0;
		};
		374F812D2C0DFE730017C233 /* Sources */ = {
			isa = PBXSourcesBuildPhase;
			buildActionMask = 2147483647;
			files = (
				374F81362C0DFE730017C233 /* Swift_PracticesUITests.swift in Sources */,
				374F81382C0DFE730017C233 /* Swift_PracticesUITestsLaunchTests.swift in Sources */,
			);
			runOnlyForDeploymentPostprocessing = 0;
		};
/* End PBXSourcesBuildPhase section */

/* Begin PBXTargetDependency section */
		374F81292C0DFE730017C233 /* PBXTargetDependency */ = {
			isa = PBXTargetDependency;
			target = 374F81152C0DFE720017C233 /* Swift Practices */;
			targetProxy = 374F81282C0DFE730017C233 /* PBXContainerItemProxy */;
		};
		374F81332C0DFE730017C233 /* PBXTargetDependency */ = {
			isa = PBXTargetDependency;
			target = 374F81152C0DFE720017C233 /* Swift Practices */;
			targetProxy = 374F81322C0DFE730017C233 /* PBXContainerItemProxy */;
		};
/* End PBXTargetDependency section */

/* Begin XCBuildConfiguration section */
		374F81392C0DFE730017C233 /* Debug */ = {
			isa = XCBuildConfiguration;
			buildSettings = {
				ALWAYS_SEARCH_USER_PATHS = NO;
				ASSETCATALOG_COMPILER_GENERATE_SWIFT_ASSET_SYMBOL_EXTENSIONS = YES;
				CLANG_ANALYZER_NONNULL = YES;
				CLANG_ANALYZER_NUMBER_OBJECT_CONVERSION = YES_AGGRESSIVE;
				CLANG_CXX_LANGUAGE_STANDARD = "gnu++20";
				CLANG_ENABLE_MODULES = YES;
				CLANG_ENABLE_OBJC_ARC = YES;
				CLANG_ENABLE_OBJC_WEAK = YES;
				CLANG_WARN_BLOCK_CAPTURE_AUTORELEASING = YES;
				CLANG_WARN_BOOL_CONVERSION = YES;
				CLANG_WARN_COMMA = YES;
				CLANG_WARN_CONSTANT_CONVERSION = YES;
				CLANG_WARN_DEPRECATED_OBJC_IMPLEMENTATIONS = YES;
				CLANG_WARN_DIRECT_OBJC_ISA_USAGE = YES_ERROR;
				CLANG_WARN_DOCUMENTATION_COMMENTS = YES;
				CLANG_WARN_EMPTY_BODY = YES;
				CLANG_WARN_ENUM_CONVERSION = YES;
				CLANG_WARN_INFINITE_RECURSION = YES;
				CLANG_WARN_INT_CONVERSION = YES;
				CLANG_WARN_NON_LITERAL_NULL_CONVERSION = YES;
				CLANG_WARN_OBJC_IMPLICIT_RETAIN_SELF = YES;
				CLANG_WARN_OBJC_LITERAL_CONVERSION = YES;
				CLANG_WARN_OBJC_ROOT_CLASS = YES_ERROR;
				CLANG_WARN_QUOTED_INCLUDE_IN_FRAMEWORK_HEADER = YES;
				CLANG_WARN_RANGE_LOOP_ANALYSIS = YES;
				CLANG_WARN_STRICT_PROTOTYPES = YES;
				CLANG_WARN_SUSPICIOUS_MOVE = YES;
				CLANG_WARN_UNGUARDED_AVAILABILITY = YES_AGGRESSIVE;
				CLANG_WARN_UNREACHABLE_CODE = YES;
				CLANG_WARN__DUPLICATE_METHOD_MATCH = YES;
				COPY_PHASE_STRIP = NO;
				DEBUG_INFORMATION_FORMAT = dwarf;
				ENABLE_STRICT_OBJC_MSGSEND = YES;
				ENABLE_TESTABILITY = YES;
				ENABLE_USER_SCRIPT_SANDBOXING = YES;
				GCC_C_LANGUAGE_STANDARD = gnu17;
				GCC_DYNAMIC_NO_PIC = NO;
				GCC_NO_COMMON_BLOCKS = YES;
				GCC_OPTIMIZATION_LEVEL = 0;
				GCC_PREPROCESSOR_DEFINITIONS = (
					"DEBUG=1",
					"$(inherited)",
				);
				GCC_WARN_64_TO_32_BIT_CONVERSION = YES;
				GCC_WARN_ABOUT_RETURN_TYPE = YES_ERROR;
				GCC_WARN_UNDECLARED_SELECTOR = YES;
				GCC_WARN_UNINITIALIZED_AUTOS = YES_AGGRESSIVE;
				GCC_WARN_UNUSED_FUNCTION = YES;
				GCC_WARN_UNUSED_VARIABLE = YES;
				LOCALIZATION_PREFERS_STRING_CATALOGS = YES;
				MTL_ENABLE_DEBUG_INFO = INCLUDE_SOURCE;
				MTL_FAST_MATH = YES;
				ONLY_ACTIVE_ARCH = YES;
				SWIFT_ACTIVE_COMPILATION_CONDITIONS = "DEBUG $(inherited)";
				SWIFT_OPTIMIZATION_LEVEL = "-Onone";
			};
			name = Debug;
		};
		374F813A2C0DFE730017C233 /* Release */ = {
			isa = XCBuildConfiguration;
			buildSettings = {
				ALWAYS_SEARCH_USER_PATHS = NO;
				ASSETCATALOG_COMPILER_GENERATE_SWIFT_ASSET_SYMBOL_EXTENSIONS = YES;
				CLANG_ANALYZER_NONNULL = YES;
				CLANG_ANALYZER_NUMBER_OBJECT_CONVERSION = YES_AGGRESSIVE;
				CLANG_CXX_LANGUAGE_STANDARD = "gnu++20";
				CLANG_ENABLE_MODULES = YES;
				CLANG_ENABLE_OBJC_ARC = YES;
				CLANG_ENABLE_OBJC_WEAK = YES;
				CLANG_WARN_BLOCK_CAPTURE_AUTORELEASING = YES;
				CLANG_WARN_BOOL_CONVERSION = YES;
				CLANG_WARN_COMMA = YES;
				CLANG_WARN_CONSTANT_CONVERSION = YES;
				CLANG_WARN_DEPRECATED_OBJC_IMPLEMENTATIONS = YES;
				CLANG_WARN_DIRECT_OBJC_ISA_USAGE = YES_ERROR;
				CLANG_WARN_DOCUMENTATION_COMMENTS = YES;
				CLANG_WARN_EMPTY_BODY = YES;
				CLANG_WARN_ENUM_CONVERSION = YES;
				CLANG_WARN_INFINITE_RECURSION = YES;
				CLANG_WARN_INT_CONVERSION = YES;
				CLANG_WARN_NON_LITERAL_NULL_CONVERSION = YES;
				CLANG_WARN_OBJC_IMPLICIT_RETAIN_SELF = YES;
				CLANG_WARN_OBJC_LITERAL_CONVERSION = YES;
				CLANG_WARN_OBJC_ROOT_CLASS = YES_ERROR;
				CLANG_WARN_QUOTED_INCLUDE_IN_FRAMEWORK_HEADER = YES;
				CLANG_WARN_RANGE_LOOP_ANALYSIS = YES;
				CLANG_WARN_STRICT_PROTOTYPES = YES;
				CLANG_WARN_SUSPICIOUS_MOVE = YES;
				CLANG_WARN_UNGUARDED_AVAILABILITY = YES_AGGRESSIVE;
				CLANG_WARN_UNREACHABLE_CODE = YES;
				CLANG_WARN__DUPLICATE_METHOD_MATCH = YES;
				COPY_PHASE_STRIP = NO;
				DEBUG_INFORMATION_FORMAT = "dwarf-with-dsym";
				ENABLE_NS_ASSERTIONS = NO;
				ENABLE_STRICT_OBJC_MSGSEND = YES;
				ENABLE_USER_SCRIPT_SANDBOXING = YES;
				GCC_C_LANGUAGE_STANDARD = gnu17;
				GCC_NO_COMMON_BLOCKS = YES;
				GCC_WARN_64_TO_32_BIT_CONVERSION = YES;
				GCC_WARN_ABOUT_RETURN_TYPE = YES_ERROR;
				GCC_WARN_UNDECLARED_SELECTOR = YES;
				GCC_WARN_UNINITIALIZED_AUTOS = YES_AGGRESSIVE;
				GCC_WARN_UNUSED_FUNCTION = YES;
				GCC_WARN_UNUSED_VARIABLE = YES;
				LOCALIZATION_PREFERS_STRING_CATALOGS = YES;
				MTL_ENABLE_DEBUG_INFO = NO;
				MTL_FAST_MATH = YES;
				SWIFT_COMPILATION_MODE = wholemodule;
			};
			name = Release;
		};
		374F813C2C0DFE730017C233 /* Debug */ = {
			isa = XCBuildConfiguration;
			buildSettings = {
				ASSETCATALOG_COMPILER_APPICON_NAME = AppIcon;
				ASSETCATALOG_COMPILER_GLOBAL_ACCENT_COLOR_NAME = AccentColor;
				CODE_SIGN_ENTITLEMENTS = "Swift Practices/Swift_Practices.entitlements";
				CODE_SIGN_STYLE = Automatic;
				CURRENT_PROJECT_VERSION = 1;
				DEVELOPMENT_ASSET_PATHS = "\"Swift Practices/Preview Content\"";
				DEVELOPMENT_TEAM = 6G6626XUJW;
				ENABLE_PREVIEWS = YES;
				GENERATE_INFOPLIST_FILE = YES;
				INFOPLIST_KEY_LSApplicationCategoryType = "public.app-category.healthcare-fitness";
				"INFOPLIST_KEY_UIApplicationSceneManifest_Generation[sdk=iphoneos*]" = YES;
				"INFOPLIST_KEY_UIApplicationSceneManifest_Generation[sdk=iphonesimulator*]" = YES;
				"INFOPLIST_KEY_UIApplicationSupportsIndirectInputEvents[sdk=iphoneos*]" = YES;
				"INFOPLIST_KEY_UIApplicationSupportsIndirectInputEvents[sdk=iphonesimulator*]" = YES;
				"INFOPLIST_KEY_UILaunchScreen_Generation[sdk=iphoneos*]" = YES;
				"INFOPLIST_KEY_UILaunchScreen_Generation[sdk=iphonesimulator*]" = YES;
				"INFOPLIST_KEY_UIStatusBarStyle[sdk=iphoneos*]" = UIStatusBarStyleDefault;
				"INFOPLIST_KEY_UIStatusBarStyle[sdk=iphonesimulator*]" = UIStatusBarStyleDefault;
				INFOPLIST_KEY_UISupportedInterfaceOrientations_iPad = "UIInterfaceOrientationPortrait UIInterfaceOrientationPortraitUpsideDown UIInterfaceOrientationLandscapeLeft UIInterfaceOrientationLandscapeRight";
				INFOPLIST_KEY_UISupportedInterfaceOrientations_iPhone = "UIInterfaceOrientationPortrait UIInterfaceOrientationLandscapeLeft UIInterfaceOrientationLandscapeRight";
				IPHONEOS_DEPLOYMENT_TARGET = 17.5;
				LD_RUNPATH_SEARCH_PATHS = "@executable_path/Frameworks";
				"LD_RUNPATH_SEARCH_PATHS[sdk=macosx*]" = "@executable_path/../Frameworks";
				MACOSX_DEPLOYMENT_TARGET = 14.5;
				MARKETING_VERSION = 1.0;
				PRODUCT_BUNDLE_IDENTIFIER = "com.KanonZ.Swift-Practices";
				PRODUCT_NAME = "$(TARGET_NAME)";
				SDKROOT = auto;
				SUPPORTED_PLATFORMS = "iphoneos iphonesimulator macosx";
				SWIFT_EMIT_LOC_STRINGS = YES;
				SWIFT_VERSION = 5.0;
				TARGETED_DEVICE_FAMILY = "1,2";
			};
			name = Debug;
		};
		374F813D2C0DFE730017C233 /* Release */ = {
			isa = XCBuildConfiguration;
			buildSettings = {
				ASSETCATALOG_COMPILER_APPICON_NAME = AppIcon;
				ASSETCATALOG_COMPILER_GLOBAL_ACCENT_COLOR_NAME = AccentColor;
				CODE_SIGN_ENTITLEMENTS = "Swift Practices/Swift_Practices.entitlements";
				CODE_SIGN_STYLE = Automatic;
				CURRENT_PROJECT_VERSION = 1;
				DEVELOPMENT_ASSET_PATHS = "\"Swift Practices/Preview Content\"";
				DEVELOPMENT_TEAM = 6G6626XUJW;
				ENABLE_PREVIEWS = YES;
				GENERATE_INFOPLIST_FILE = YES;
				INFOPLIST_KEY_LSApplicationCategoryType = "public.app-category.healthcare-fitness";
				"INFOPLIST_KEY_UIApplicationSceneManifest_Generation[sdk=iphoneos*]" = YES;
				"INFOPLIST_KEY_UIApplicationSceneManifest_Generation[sdk=iphonesimulator*]" = YES;
				"INFOPLIST_KEY_UIApplicationSupportsIndirectInputEvents[sdk=iphoneos*]" = YES;
				"INFOPLIST_KEY_UIApplicationSupportsIndirectInputEvents[sdk=iphonesimulator*]" = YES;
				"INFOPLIST_KEY_UILaunchScreen_Generation[sdk=iphoneos*]" = YES;
				"INFOPLIST_KEY_UILaunchScreen_Generation[sdk=iphonesimulator*]" = YES;
				"INFOPLIST_KEY_UIStatusBarStyle[sdk=iphoneos*]" = UIStatusBarStyleDefault;
				"INFOPLIST_KEY_UIStatusBarStyle[sdk=iphonesimulator*]" = UIStatusBarStyleDefault;
				INFOPLIST_KEY_UISupportedInterfaceOrientations_iPad = "UIInterfaceOrientationPortrait UIInterfaceOrientationPortraitUpsideDown UIInterfaceOrientationLandscapeLeft UIInterfaceOrientationLandscapeRight";
				INFOPLIST_KEY_UISupportedInterfaceOrientations_iPhone = "UIInterfaceOrientationPortrait UIInterfaceOrientationLandscapeLeft UIInterfaceOrientationLandscapeRight";
				IPHONEOS_DEPLOYMENT_TARGET = 17.5;
				LD_RUNPATH_SEARCH_PATHS = "@executable_path/Frameworks";
				"LD_RUNPATH_SEARCH_PATHS[sdk=macosx*]" = "@executable_path/../Frameworks";
				MACOSX_DEPLOYMENT_TARGET = 14.5;
				MARKETING_VERSION = 1.0;
				PRODUCT_BUNDLE_IDENTIFIER = "com.KanonZ.Swift-Practices";
				PRODUCT_NAME = "$(TARGET_NAME)";
				SDKROOT = auto;
				SUPPORTED_PLATFORMS = "iphoneos iphonesimulator macosx";
				SWIFT_EMIT_LOC_STRINGS = YES;
				SWIFT_VERSION = 5.0;
				TARGETED_DEVICE_FAMILY = "1,2";
			};
			name = Release;
		};
		374F813F2C0DFE730017C233 /* Debug */ = {
			isa = XCBuildConfiguration;
			buildSettings = {
				ALWAYS_EMBED_SWIFT_STANDARD_LIBRARIES = YES;
				BUNDLE_LOADER = "$(TEST_HOST)";
				CODE_SIGN_STYLE = Automatic;
				CURRENT_PROJECT_VERSION = 1;
				GENERATE_INFOPLIST_FILE = YES;
				IPHONEOS_DEPLOYMENT_TARGET = 17.5;
				MACOSX_DEPLOYMENT_TARGET = 14.5;
				MARKETING_VERSION = 1.0;
				PRODUCT_BUNDLE_IDENTIFIER = "com.KanonZ.Swift-PracticesTests";
				PRODUCT_NAME = "$(TARGET_NAME)";
				SDKROOT = auto;
				SUPPORTED_PLATFORMS = "iphoneos iphonesimulator macosx";
				SWIFT_EMIT_LOC_STRINGS = NO;
				SWIFT_VERSION = 5.0;
				TARGETED_DEVICE_FAMILY = "1,2";
				TEST_HOST = "$(BUILT_PRODUCTS_DIR)/Swift Practices.app/$(BUNDLE_EXECUTABLE_FOLDER_PATH)/Swift Practices";
			};
			name = Debug;
		};
		374F81402C0DFE730017C233 /* Release */ = {
			isa = XCBuildConfiguration;
			buildSettings = {
				ALWAYS_EMBED_SWIFT_STANDARD_LIBRARIES = YES;
				BUNDLE_LOADER = "$(TEST_HOST)";
				CODE_SIGN_STYLE = Automatic;
				CURRENT_PROJECT_VERSION = 1;
				GENERATE_INFOPLIST_FILE = YES;
				IPHONEOS_DEPLOYMENT_TARGET = 17.5;
				MACOSX_DEPLOYMENT_TARGET = 14.5;
				MARKETING_VERSION = 1.0;
				PRODUCT_BUNDLE_IDENTIFIER = "com.KanonZ.Swift-PracticesTests";
				PRODUCT_NAME = "$(TARGET_NAME)";
				SDKROOT = auto;
				SUPPORTED_PLATFORMS = "iphoneos iphonesimulator macosx";
				SWIFT_EMIT_LOC_STRINGS = NO;
				SWIFT_VERSION = 5.0;
				TARGETED_DEVICE_FAMILY = "1,2";
				TEST_HOST = "$(BUILT_PRODUCTS_DIR)/Swift Practices.app/$(BUNDLE_EXECUTABLE_FOLDER_PATH)/Swift Practices";
			};
			name = Release;
		};
		374F81422C0DFE730017C233 /* Debug */ = {
			isa = XCBuildConfiguration;
			buildSettings = {
				ALWAYS_EMBED_SWIFT_STANDARD_LIBRARIES = YES;
				CODE_SIGN_STYLE = Automatic;
				CURRENT_PROJECT_VERSION = 1;
				GENERATE_INFOPLIST_FILE = YES;
				IPHONEOS_DEPLOYMENT_TARGET = 17.5;
				MACOSX_DEPLOYMENT_TARGET = 14.5;
				MARKETING_VERSION = 1.0;
				PRODUCT_BUNDLE_IDENTIFIER = "com.KanonZ.Swift-PracticesUITests";
				PRODUCT_NAME = "$(TARGET_NAME)";
				SDKROOT = auto;
				SUPPORTED_PLATFORMS = "iphoneos iphonesimulator macosx";
				SWIFT_EMIT_LOC_STRINGS = NO;
				SWIFT_VERSION = 5.0;
				TARGETED_DEVICE_FAMILY = "1,2";
				TEST_TARGET_NAME = "Swift Practices";
			};
			name = Debug;
		};
		374F81432C0DFE730017C233 /* Release */ = {
			isa = XCBuildConfiguration;
			buildSettings = {
				ALWAYS_EMBED_SWIFT_STANDARD_LIBRARIES = YES;
				CODE_SIGN_STYLE = Automatic;
				CURRENT_PROJECT_VERSION = 1;
				GENERATE_INFOPLIST_FILE = YES;
				IPHONEOS_DEPLOYMENT_TARGET = 17.5;
				MACOSX_DEPLOYMENT_TARGET = 14.5;
				MARKETING_VERSION = 1.0;
				PRODUCT_BUNDLE_IDENTIFIER = "com.KanonZ.Swift-PracticesUITests";
				PRODUCT_NAME = "$(TARGET_NAME)";
				SDKROOT = auto;
				SUPPORTED_PLATFORMS = "iphoneos iphonesimulator macosx";
				SWIFT_EMIT_LOC_STRINGS = NO;
				SWIFT_VERSION = 5.0;
				TARGETED_DEVICE_FAMILY = "1,2";
				TEST_TARGET_NAME = "Swift Practices";
			};
			name = Release;
		};
/* End XCBuildConfiguration section */

/* Begin XCConfigurationList section */
		374F81112C0DFE720017C233 /* Build configuration list for PBXProject "Swift Practices" */ = {
			isa = XCConfigurationList;
			buildConfigurations = (
				374F81392C0DFE730017C233 /* Debug */,
				374F813A2C0DFE730017C233 /* Release */,
			);
			defaultConfigurationIsVisible = 0;
			defaultConfigurationName = Release;
		};
		374F813B2C0DFE730017C233 /* Build configuration list for PBXNativeTarget "Swift Practices" */ = {
			isa = XCConfigurationList;
			buildConfigurations = (
				374F813C2C0DFE730017C233 /* Debug */,
				374F813D2C0DFE730017C233 /* Release */,
			);
			defaultConfigurationIsVisible = 0;
			defaultConfigurationName = Release;
		};
		374F813E2C0DFE730017C233 /* Build configuration list for PBXNativeTarget "Swift PracticesTests" */ = {
			isa = XCConfigurationList;
			buildConfigurations = (
				374F813F2C0DFE730017C233 /* Debug */,
				374F81402C0DFE730017C233 /* Release */,
			);
			defaultConfigurationIsVisible = 0;
			defaultConfigurationName = Release;
		};
		374F81412C0DFE730017C233 /* Build configuration list for PBXNativeTarget "Swift PracticesUITests" */ = {
			isa = XCConfigurationList;
			buildConfigurations = (
				374F81422C0DFE730017C233 /* Debug */,
				374F81432C0DFE730017C233 /* Release */,
			);
			defaultConfigurationIsVisible = 0;
			defaultConfigurationName = Release;
		};
/* End XCConfigurationList section */
	};
	rootObject = 374F810E2C0DFE720017C233 /* Project object */;
}
